{
  "name": "apacheweb",
  "version": "1.0.0",
  "lockfileVersion": 1,
  "requires": true,
  "dependencies": {
    "jqeury": {
      "version": "0.0.1-security",
      "resolved": "https://registry.npmjs.org/jqeury/-/jqeury-0.0.1-security.tgz",
      "integrity": "sha512-r5iGV3rjYwn27R4PjOd2/AI7kVpKmXA2zwXqH/TtLu1QustWvuR7PEfOvUrA957vO9im7/GvRx1FvkKO5OcgIA==",
      "dev": true
    },
    "jquery": {
      "version": "3.4.1",
      "resolved": "https://registry.npmjs.org/jquery/-/jquery-3.4.1.tgz",
      "integrity": "sha512-36+AdBzCL+y6qjw5Tx7HgzeGCzC81MDDgaUP8ld2zhx58HdqXGoBd+tHdrBMiyjGQs0Hxs/MLZTu/eHNJJuWPw==",
      "dev": true
    }
  }
}
